
Microsoft Visual Studio Solution File, Format Version 12.00
# Visual Studio Version 17
VisualStudioVersion = 17.14.36121.58 d17.14
MinimumVisualStudioVersion = 10.0.40219.1
Project("{FAE04EC0-301F-11D3-BF4B-00C04F79EFBC}") = "NET_LAB5", "NET_LAB5\NET_LAB5.csproj", "{33D49C47-C007-4E48-A9CD-DCB8016BF48B}"
EndProject
Global
	GlobalSection(SolutionConfigurationPlatforms) = preSolution
		Debug|Any CPU = Debug|Any CPU
		Release|Any CPU = Release|Any CPU
	EndGlobalSection
	GlobalSection(ProjectConfigurationPlatforms) = postSolution
		{33D49C47-C007-4E48-A9CD-DCB8016BF48B}.Debug|Any CPU.ActiveCfg = Debug|Any CPU
		{33D49C47-C007-4E48-A9CD-DCB8016BF48B}.Debug|Any CPU.Build.0 = Debug|Any CPU
		{33D49C47-C007-4E48-A9CD-DCB8016BF48B}.Release|Any CPU.ActiveCfg = Release|Any CPU
		{33D49C47-C007-4E48-A9CD-DCB8016BF48B}.Release|Any CPU.Build.0 = Release|Any CPU
	EndGlobalSection
	GlobalSection(SolutionProperties) = preSolution
		HideSolutionNode = FALSE
	EndGlobalSection
	GlobalSection(ExtensibilityGlobals) = postSolution
		SolutionGuid = {8B3062E5-DA18-41C0-9867-683261507E75}
	EndGlobalSection
EndGlobal
